// !$*UTF8*$!
{
	archiveVersion = 1;
	classes = {
	};
	objectVersion = 50;
	objects = {

/* Begin PBXBuildFile section */
		225F951BED233A8BA2E3C44F /* Pods_Smack.framework in Frameworks */ = {isa = PBXBuildFile; fileRef = 931F619EB5443031F422632C /* Pods_Smack.framework */; };
		2F152F5E21961FB700F579C0 /* AvatarCell.swift in Sources */ = {isa = PBXBuildFile; fileRef = 2F152F5D21961FB700F579C0 /* AvatarCell.swift */; };
		2F2B29272192097200C54313 /* AuthService.swift in Sources */ = {isa = PBXBuildFile; fileRef = 2F2B29262192097200C54313 /* AuthService.swift */; };
		2F2B2929219496D800C54313 /* RoundedButton.swift in Sources */ = {isa = PBXBuildFile; fileRef = 2F2B2928219496D800C54313 /* RoundedButton.swift */; };
		2F2B292B2195DAB700C54313 /* UserDataService.swift in Sources */ = {isa = PBXBuildFile; fileRef = 2F2B292A2195DAB700C54313 /* UserDataService.swift */; };
		2F2B292D2195F8BB00C54313 /* AvatarPickerVC.swift in Sources */ = {isa = PBXBuildFile; fileRef = 2F2B292C2195F8BB00C54313 /* AvatarPickerVC.swift */; };
		2F31B7872191972B00AA693C /* CreateAccountVC.swift in Sources */ = {isa = PBXBuildFile; fileRef = 2F31B7862191972B00AA693C /* CreateAccountVC.swift */; };
		2F39B18921A338D200487915 /* AddChannelVC.swift in Sources */ = {isa = PBXBuildFile; fileRef = 2F39B18721A338D200487915 /* AddChannelVC.swift */; };
		2F39B18A21A338D200487915 /* AddChannelVC.xib in Resources */ = {isa = PBXBuildFile; fileRef = 2F39B18821A338D200487915 /* AddChannelVC.xib */; };
		2F3AFB5A219E0B4D0062D387 /* MessageService.swift in Sources */ = {isa = PBXBuildFile; fileRef = 2F3AFB59219E0B4D0062D387 /* MessageService.swift */; };
		2F3AFB5C219E0B740062D387 /* Channel.swift in Sources */ = {isa = PBXBuildFile; fileRef = 2F3AFB5B219E0B740062D387 /* Channel.swift */; };
		2F3AFB5E21A2E2930062D387 /* ChannelCell.swift in Sources */ = {isa = PBXBuildFile; fileRef = 2F3AFB5D21A2E2930062D387 /* ChannelCell.swift */; };
		2F981527218F2FC1008F28E4 /* GradientView.swift in Sources */ = {isa = PBXBuildFile; fileRef = 2F981526218F2FC1008F28E4 /* GradientView.swift */; };
		2F98152B218F3D1B008F28E4 /* Constants.swift in Sources */ = {isa = PBXBuildFile; fileRef = 2F98152A218F3D1B008F28E4 /* Constants.swift */; };
		2F98152D218F416E008F28E4 /* LoginVC.swift in Sources */ = {isa = PBXBuildFile; fileRef = 2F98152C218F416E008F28E4 /* LoginVC.swift */; };
		2FAB44CA21A451B500DF2347 /* SocketService.swift in Sources */ = {isa = PBXBuildFile; fileRef = 2FAB44C921A451B500DF2347 /* SocketService.swift */; };
		2FABA05A218E1E6F00D13445 /* AppDelegate.swift in Sources */ = {isa = PBXBuildFile; fileRef = 2FABA059218E1E6F00D13445 /* AppDelegate.swift */; };
		2FABA05F218E1E6F00D13445 /* Main.storyboard in Resources */ = {isa = PBXBuildFile; fileRef = 2FABA05D218E1E6F00D13445 /* Main.storyboard */; };
		2FABA061218E1E7000D13445 /* Assets.xcassets in Resources */ = {isa = PBXBuildFile; fileRef = 2FABA060218E1E7000D13445 /* Assets.xcassets */; };
		2FABA064218E1E7000D13445 /* LaunchScreen.storyboard in Resources */ = {isa = PBXBuildFile; fileRef = 2FABA062218E1E7000D13445 /* LaunchScreen.storyboard */; };
		2FAC2A1B218E232600C43ACE /* SWRevealViewController.m in Sources */ = {isa = PBXBuildFile; fileRef = 2FAC2A19218E232500C43ACE /* SWRevealViewController.m */; };
		2FAC2A20218E257000C43ACE /* ChatVC.swift in Sources */ = {isa = PBXBuildFile; fileRef = 2FAC2A1F218E257000C43ACE /* ChatVC.swift */; };
		2FAC2A22218E257E00C43ACE /* ChannelVC.swift in Sources */ = {isa = PBXBuildFile; fileRef = 2FAC2A21218E257E00C43ACE /* ChannelVC.swift */; };
		2FB1354B219B2D42002F23F6 /* ProfileAvatarRound.swift in Sources */ = {isa = PBXBuildFile; fileRef = 2FB1354A219B2D42002F23F6 /* ProfileAvatarRound.swift */; };
		2FB1354E219C8152002F23F6 /* ProfileVC.swift in Sources */ = {isa = PBXBuildFile; fileRef = 2FB1354C219C8152002F23F6 /* ProfileVC.swift */; };
		2FB1354F219C8153002F23F6 /* ProfileVC.xib in Resources */ = {isa = PBXBuildFile; fileRef = 2FB1354D219C8152002F23F6 /* ProfileVC.xib */; };
		2FD5621521A4727200628C79 /* Message.swift in Sources */ = {isa = PBXBuildFile; fileRef = 2FD5621421A4727200628C79 /* Message.swift */; };
/* End PBXBuildFile section */

/* Begin PBXFileReference section */
		14EBDA59572C638F9504EFF3 /* Pods-Smack.release.xcconfig */ = {isa = PBXFileReference; includeInIndex = 1; lastKnownFileType = text.xcconfig; name = "Pods-Smack.release.xcconfig"; path = "Pods/Target Support Files/Pods-Smack/Pods-Smack.release.xcconfig"; sourceTree = "<group>"; };
		2F152F5D21961FB700F579C0 /* AvatarCell.swift */ = {isa = PBXFileReference; lastKnownFileType = sourcecode.swift; path = AvatarCell.swift; sourceTree = "<group>"; };
		2F2B29262192097200C54313 /* AuthService.swift */ = {isa = PBXFileReference; lastKnownFileType = sourcecode.swift; path = AuthService.swift; sourceTree = "<group>"; };
		2F2B2928219496D800C54313 /* RoundedButton.swift */ = {isa = PBXFileReference; lastKnownFileType = sourcecode.swift; path = RoundedButton.swift; sourceTree = "<group>"; };
		2F2B292A2195DAB700C54313 /* UserDataService.swift */ = {isa = PBXFileReference; lastKnownFileType = sourcecode.swift; path = UserDataService.swift; sourceTree = "<group>"; };
		2F2B292C2195F8BB00C54313 /* AvatarPickerVC.swift */ = {isa = PBXFileReference; lastKnownFileType = sourcecode.swift; path = AvatarPickerVC.swift; sourceTree = "<group>"; };
		2F31B7862191972B00AA693C /* CreateAccountVC.swift */ = {isa = PBXFileReference; lastKnownFileType = sourcecode.swift; path = CreateAccountVC.swift; sourceTree = "<group>"; };
		2F39B18721A338D200487915 /* AddChannelVC.swift */ = {isa = PBXFileReference; lastKnownFileType = sourcecode.swift; path = AddChannelVC.swift; sourceTree = "<group>"; };
		2F39B18821A338D200487915 /* AddChannelVC.xib */ = {isa = PBXFileReference; lastKnownFileType = file.xib; path = AddChannelVC.xib; sourceTree = "<group>"; };
		2F3AFB59219E0B4D0062D387 /* MessageService.swift */ = {isa = PBXFileReference; lastKnownFileType = sourcecode.swift; path = MessageService.swift; sourceTree = "<group>"; };
		2F3AFB5B219E0B740062D387 /* Channel.swift */ = {isa = PBXFileReference; lastKnownFileType = sourcecode.swift; path = Channel.swift; sourceTree = "<group>"; };
		2F3AFB5D21A2E2930062D387 /* ChannelCell.swift */ = {isa = PBXFileReference; lastKnownFileType = sourcecode.swift; path = ChannelCell.swift; sourceTree = "<group>"; };
		2F981526218F2FC1008F28E4 /* GradientView.swift */ = {isa = PBXFileReference; lastKnownFileType = sourcecode.swift; path = GradientView.swift; sourceTree = "<group>"; };
		2F98152A218F3D1B008F28E4 /* Constants.swift */ = {isa = PBXFileReference; lastKnownFileType = sourcecode.swift; path = Constants.swift; sourceTree = "<group>"; };
		2F98152C218F416E008F28E4 /* LoginVC.swift */ = {isa = PBXFileReference; lastKnownFileType = sourcecode.swift; path = LoginVC.swift; sourceTree = "<group>"; };
		2FAB44C921A451B500DF2347 /* SocketService.swift */ = {isa = PBXFileReference; lastKnownFileType = sourcecode.swift; path = SocketService.swift; sourceTree = "<group>"; };
		2FABA056218E1E6F00D13445 /* Smack.app */ = {isa = PBXFileReference; explicitFileType = wrapper.application; includeInIndex = 0; path = Smack.app; sourceTree = BUILT_PRODUCTS_DIR; };
		2FABA059218E1E6F00D13445 /* AppDelegate.swift */ = {isa = PBXFileReference; lastKnownFileType = sourcecode.swift; path = AppDelegate.swift; sourceTree = "<group>"; };
		2FABA05E218E1E6F00D13445 /* Base */ = {isa = PBXFileReference; lastKnownFileType = file.storyboard; name = Base; path = Base.lproj/Main.storyboard; sourceTree = "<group>"; };
		2FABA060218E1E7000D13445 /* Assets.xcassets */ = {isa = PBXFileReference; lastKnownFileType = folder.assetcatalog; path = Assets.xcassets; sourceTree = "<group>"; };
		2FABA063218E1E7000D13445 /* Base */ = {isa = PBXFileReference; lastKnownFileType = file.storyboard; name = Base; path = Base.lproj/LaunchScreen.storyboard; sourceTree = "<group>"; };
		2FABA065218E1E7000D13445 /* Info.plist */ = {isa = PBXFileReference; lastKnownFileType = text.plist.xml; path = Info.plist; sourceTree = "<group>"; };
		2FAC2A18218E232400C43ACE /* Smack-Bridging-Header.h */ = {isa = PBXFileReference; lastKnownFileType = sourcecode.c.h; path = "Smack-Bridging-Header.h"; sourceTree = "<group>"; };
		2FAC2A19218E232500C43ACE /* SWRevealViewController.m */ = {isa = PBXFileReference; fileEncoding = 4; lastKnownFileType = sourcecode.c.objc; path = SWRevealViewController.m; sourceTree = "<group>"; };
		2FAC2A1A218E232600C43ACE /* SWRevealViewController.h */ = {isa = PBXFileReference; fileEncoding = 4; lastKnownFileType = sourcecode.c.h; path = SWRevealViewController.h; sourceTree = "<group>"; };
		2FAC2A1F218E257000C43ACE /* ChatVC.swift */ = {isa = PBXFileReference; lastKnownFileType = sourcecode.swift; path = ChatVC.swift; sourceTree = "<group>"; };
		2FAC2A21218E257E00C43ACE /* ChannelVC.swift */ = {isa = PBXFileReference; lastKnownFileType = sourcecode.swift; path = ChannelVC.swift; sourceTree = "<group>"; };
		2FB1354A219B2D42002F23F6 /* ProfileAvatarRound.swift */ = {isa = PBXFileReference; lastKnownFileType = sourcecode.swift; path = ProfileAvatarRound.swift; sourceTree = "<group>"; };
		2FB1354C219C8152002F23F6 /* ProfileVC.swift */ = {isa = PBXFileReference; lastKnownFileType = sourcecode.swift; path = ProfileVC.swift; sourceTree = "<group>"; };
		2FB1354D219C8152002F23F6 /* ProfileVC.xib */ = {isa = PBXFileReference; lastKnownFileType = file.xib; path = ProfileVC.xib; sourceTree = "<group>"; };
		2FD5621421A4727200628C79 /* Message.swift */ = {isa = PBXFileReference; lastKnownFileType = sourcecode.swift; path = Message.swift; sourceTree = "<group>"; };
		7B2E0416382BC35E6EC806DB /* Pods-Smack.debug.xcconfig */ = {isa = PBXFileReference; includeInIndex = 1; lastKnownFileType = text.xcconfig; name = "Pods-Smack.debug.xcconfig"; path = "Pods/Target Support Files/Pods-Smack/Pods-Smack.debug.xcconfig"; sourceTree = "<group>"; };
		931F619EB5443031F422632C /* Pods_Smack.framework */ = {isa = PBXFileReference; explicitFileType = wrapper.framework; includeInIndex = 0; path = Pods_Smack.framework; sourceTree = BUILT_PRODUCTS_DIR; };
/* End PBXFileReference section */

/* Begin PBXFrameworksBuildPhase section */
		2FABA053218E1E6F00D13445 /* Frameworks */ = {
			isa = PBXFrameworksBuildPhase;
			buildActionMask = 2147483647;
			files = (
				225F951BED233A8BA2E3C44F /* Pods_Smack.framework in Frameworks */,
			);
			runOnlyForDeploymentPostprocessing = 0;
		};
/* End PBXFrameworksBuildPhase section */

/* Begin PBXGroup section */
		2F2B29252192095C00C54313 /* Services */ = {
			isa = PBXGroup;
			children = (
				2F2B29262192097200C54313 /* AuthService.swift */,
				2F2B292A2195DAB700C54313 /* UserDataService.swift */,
				2F3AFB59219E0B4D0062D387 /* MessageService.swift */,
				2FAB44C921A451B500DF2347 /* SocketService.swift */,
			);
			path = Services;
			sourceTree = "<group>";
		};
		2F981529218F3D08008F28E4 /* Utilities */ = {
			isa = PBXGroup;
			children = (
				2F98152A218F3D1B008F28E4 /* Constants.swift */,
			);
			path = Utilities;
			sourceTree = "<group>";
		};
		2FABA04D218E1E6F00D13445 = {
			isa = PBXGroup;
			children = (
				2FABA058218E1E6F00D13445 /* Smack */,
				2FABA057218E1E6F00D13445 /* Products */,
				5651E6C4BE44E31F58492327 /* Pods */,
				9418BBC0F4AEE7F3AA27B830 /* Frameworks */,
			);
			sourceTree = "<group>";
		};
		2FABA057218E1E6F00D13445 /* Products */ = {
			isa = PBXGroup;
			children = (
				2FABA056218E1E6F00D13445 /* Smack.app */,
			);
			name = Products;
			sourceTree = "<group>";
		};
		2FABA058218E1E6F00D13445 /* Smack */ = {
			isa = PBXGroup;
			children = (
				2FB13550219C8188002F23F6 /* XIBs */,
				2F2B29252192095C00C54313 /* Services */,
				2F981529218F3D08008F28E4 /* Utilities */,
				2FAC2A1E218E255000C43ACE /* Model */,
				2FAC2A1D218E254B00C43ACE /* View */,
				2FAC2A1C218E254400C43ACE /* Controller */,
				2FAC2A17218E22F100C43ACE /* Supporting Files */,
				2FABA059218E1E6F00D13445 /* AppDelegate.swift */,
				2FABA05D218E1E6F00D13445 /* Main.storyboard */,
				2FABA060218E1E7000D13445 /* Assets.xcassets */,
				2FABA062218E1E7000D13445 /* LaunchScreen.storyboard */,
				2FABA065218E1E7000D13445 /* Info.plist */,
			);
			path = Smack;
			sourceTree = "<group>";
		};
		2FAC2A17218E22F100C43ACE /* Supporting Files */ = {
			isa = PBXGroup;
			children = (
				2FAC2A1A218E232600C43ACE /* SWRevealViewController.h */,
				2FAC2A19218E232500C43ACE /* SWRevealViewController.m */,
				2FAC2A18218E232400C43ACE /* Smack-Bridging-Header.h */,
			);
			path = "Supporting Files";
			sourceTree = "<group>";
		};
		2FAC2A1C218E254400C43ACE /* Controller */ = {
			isa = PBXGroup;
			children = (
				2FAC2A1F218E257000C43ACE /* ChatVC.swift */,
				2FAC2A21218E257E00C43ACE /* ChannelVC.swift */,
				2F98152C218F416E008F28E4 /* LoginVC.swift */,
				2F31B7862191972B00AA693C /* CreateAccountVC.swift */,
				2F2B292C2195F8BB00C54313 /* AvatarPickerVC.swift */,
				2FB1354C219C8152002F23F6 /* ProfileVC.swift */,
				2F39B18721A338D200487915 /* AddChannelVC.swift */,
			);
			path = Controller;
			sourceTree = "<group>";
		};
		2FAC2A1D218E254B00C43ACE /* View */ = {
			isa = PBXGroup;
			children = (
				2F981526218F2FC1008F28E4 /* GradientView.swift */,
				2F2B2928219496D800C54313 /* RoundedButton.swift */,
				2F152F5D21961FB700F579C0 /* AvatarCell.swift */,
				2FB1354A219B2D42002F23F6 /* ProfileAvatarRound.swift */,
				2F3AFB5D21A2E2930062D387 /* ChannelCell.swift */,
			);
			path = View;
			sourceTree = "<group>";
		};
		2FAC2A1E218E255000C43ACE /* Model */ = {
			isa = PBXGroup;
			children = (
				2F3AFB5B219E0B740062D387 /* Channel.swift */,
				2FD5621421A4727200628C79 /* Message.swift */,
			);
			path = Model;
			sourceTree = "<group>";
		};
		2FB13550219C8188002F23F6 /* XIBs */ = {
			isa = PBXGroup;
			children = (
				2F39B18821A338D200487915 /* AddChannelVC.xib */,
				2FB1354D219C8152002F23F6 /* ProfileVC.xib */,
			);
			path = XIBs;
			sourceTree = "<group>";
		};
		5651E6C4BE44E31F58492327 /* Pods */ = {
			isa = PBXGroup;
			children = (
				7B2E0416382BC35E6EC806DB /* Pods-Smack.debug.xcconfig */,
				14EBDA59572C638F9504EFF3 /* Pods-Smack.release.xcconfig */,
			);
			name = Pods;
			sourceTree = "<group>";
		};
		9418BBC0F4AEE7F3AA27B830 /* Frameworks */ = {
			isa = PBXGroup;
			children = (
				931F619EB5443031F422632C /* Pods_Smack.framework */,
			);
			name = Frameworks;
			sourceTree = "<group>";
		};
/* End PBXGroup section */

/* Begin PBXNativeTarget section */
		2FABA055218E1E6F00D13445 /* Smack */ = {
			isa = PBXNativeTarget;
			buildConfigurationList = 2FABA068218E1E7000D13445 /* Build configuration list for PBXNativeTarget "Smack" */;
			buildPhases = (
				DC2010521945C3B7089EBF14 /* [CP] Check Pods Manifest.lock */,
				2FABA052218E1E6F00D13445 /* Sources */,
				2FABA053218E1E6F00D13445 /* Frameworks */,
				2FABA054218E1E6F00D13445 /* Resources */,
				B4686480665B24732F764D6A /* [CP] Embed Pods Frameworks */,
			);
			buildRules = (
			);
			dependencies = (
			);
			name = Smack;
			productName = Smack;
			productReference = 2FABA056218E1E6F00D13445 /* Smack.app */;
			productType = "com.apple.product-type.application";
		};
/* End PBXNativeTarget section */

/* Begin PBXProject section */
		2FABA04E218E1E6F00D13445 /* Project object */ = {
			isa = PBXProject;
			attributes = {
				LastSwiftUpdateCheck = 1000;
				LastUpgradeCheck = 1000;
				ORGANIZATIONNAME = exxe;
				TargetAttributes = {
					2FABA055218E1E6F00D13445 = {
						CreatedOnToolsVersion = 10.0;
						LastSwiftMigration = 1000;
					};
				};
			};
			buildConfigurationList = 2FABA051218E1E6F00D13445 /* Build configuration list for PBXProject "Smack" */;
			compatibilityVersion = "Xcode 9.3";
			developmentRegion = en;
			hasScannedForEncodings = 0;
			knownRegions = (
				en,
				Base,
			);
			mainGroup = 2FABA04D218E1E6F00D13445;
			productRefGroup = 2FABA057218E1E6F00D13445 /* Products */;
			projectDirPath = "";
			projectRoot = "";
			targets = (
				2FABA055218E1E6F00D13445 /* Smack */,
			);
		};
/* End PBXProject section */

/* Begin PBXResourcesBuildPhase section */
		2FABA054218E1E6F00D13445 /* Resources */ = {
			isa = PBXResourcesBuildPhase;
			buildActionMask = 2147483647;
			files = (
				2F39B18A21A338D200487915 /* AddChannelVC.xib in Resources */,
				2FB1354F219C8153002F23F6 /* ProfileVC.xib in Resources */,
				2FABA064218E1E7000D13445 /* LaunchScreen.storyboard in Resources */,
				2FABA061218E1E7000D13445 /* Assets.xcassets in Resources */,
				2FABA05F218E1E6F00D13445 /* Main.storyboard in Resources */,
			);
			runOnlyForDeploymentPostprocessing = 0;
		};
/* End PBXResourcesBuildPhase section */

/* Begin PBXShellScriptBuildPhase section */
		B4686480665B24732F764D6A /* [CP] Embed Pods Frameworks */ = {
			isa = PBXShellScriptBuildPhase;
			buildActionMask = 2147483647;
			files = (
			);
			inputPaths = (
				"${SRCROOT}/Pods/Target Support Files/Pods-Smack/Pods-Smack-frameworks.sh",
				"${BUILT_PRODUCTS_DIR}/Alamofire/Alamofire.framework",
				"${BUILT_PRODUCTS_DIR}/Socket.IO-Client-Swift/SocketIO.framework",
				"${BUILT_PRODUCTS_DIR}/Starscream/Starscream.framework",
				"${BUILT_PRODUCTS_DIR}/SwiftyJSON/SwiftyJSON.framework",
			);
			name = "[CP] Embed Pods Frameworks";
			outputPaths = (
				"${TARGET_BUILD_DIR}/${FRAMEWORKS_FOLDER_PATH}/Alamofire.framework",
				"${TARGET_BUILD_DIR}/${FRAMEWORKS_FOLDER_PATH}/SocketIO.framework",
				"${TARGET_BUILD_DIR}/${FRAMEWORKS_FOLDER_PATH}/Starscream.framework",
				"${TARGET_BUILD_DIR}/${FRAMEWORKS_FOLDER_PATH}/SwiftyJSON.framework",
			);
			runOnlyForDeploymentPostprocessing = 0;
			shellPath = /bin/sh;
			shellScript = "\"${SRCROOT}/Pods/Target Support Files/Pods-Smack/Pods-Smack-frameworks.sh\"\n";
			showEnvVarsInLog = 0;
		};
		DC2010521945C3B7089EBF14 /* [CP] Check Pods Manifest.lock */ = {
			isa = PBXShellScriptBuildPhase;
			buildActionMask = 2147483647;
			files = (
			);
			inputPaths = (
				"${PODS_PODFILE_DIR_PATH}/Podfile.lock",
				"${PODS_ROOT}/Manifest.lock",
			);
			name = "[CP] Check Pods Manifest.lock";
			outputPaths = (
				"$(DERIVED_FILE_DIR)/Pods-Smack-checkManifestLockResult.txt",
			);
			runOnlyForDeploymentPostprocessing = 0;
			shellPath = /bin/sh;
			shellScript = "diff \"${PODS_PODFILE_DIR_PATH}/Podfile.lock\" \"${PODS_ROOT}/Manifest.lock\" > /dev/null\nif [ $? != 0 ] ; then\n    # print error to STDERR\n    echo \"error: The sandbox is not in sync with the Podfile.lock. Run 'pod install' or update your CocoaPods installation.\" >&2\n    exit 1\nfi\n# This output is used by Xcode 'outputs' to avoid re-running this script phase.\necho \"SUCCESS\" > \"${SCRIPT_OUTPUT_FILE_0}\"\n";
			showEnvVarsInLog = 0;
		};
/* End PBXShellScriptBuildPhase section */

/* Begin PBXSourcesBuildPhase section */
		2FABA052218E1E6F00D13445 /* Sources */ = {
			isa = PBXSourcesBuildPhase;
			buildActionMask = 2147483647;
			files = (
				2FAB44CA21A451B500DF2347 /* SocketService.swift in Sources */,
				2FB1354E219C8152002F23F6 /* ProfileVC.swift in Sources */,
				2F3AFB5E21A2E2930062D387 /* ChannelCell.swift in Sources */,
				2FAC2A22218E257E00C43ACE /* ChannelVC.swift in Sources */,
				2F2B292D2195F8BB00C54313 /* AvatarPickerVC.swift in Sources */,
				2F2B2929219496D800C54313 /* RoundedButton.swift in Sources */,
				2FD5621521A4727200628C79 /* Message.swift in Sources */,
				2F3AFB5C219E0B740062D387 /* Channel.swift in Sources */,
				2FAC2A20218E257000C43ACE /* ChatVC.swift in Sources */,
				2F3AFB5A219E0B4D0062D387 /* MessageService.swift in Sources */,
				2F2B292B2195DAB700C54313 /* UserDataService.swift in Sources */,
				2F31B7872191972B00AA693C /* CreateAccountVC.swift in Sources */,
				2F2B29272192097200C54313 /* AuthService.swift in Sources */,
				2F98152D218F416E008F28E4 /* LoginVC.swift in Sources */,
				2F981527218F2FC1008F28E4 /* GradientView.swift in Sources */,
				2F39B18921A338D200487915 /* AddChannelVC.swift in Sources */,
				2F152F5E21961FB700F579C0 /* AvatarCell.swift in Sources */,
				2FABA05A218E1E6F00D13445 /* AppDelegate.swift in Sources */,
				2FAC2A1B218E232600C43ACE /* SWRevealViewController.m in Sources */,
				2F98152B218F3D1B008F28E4 /* Constants.swift in Sources */,
				2FB1354B219B2D42002F23F6 /* ProfileAvatarRound.swift in Sources */,
			);
			runOnlyForDeploymentPostprocessing = 0;
		};
/* End PBXSourcesBuildPhase section */

/* Begin PBXVariantGroup section */
		2FABA05D218E1E6F00D13445 /* Main.storyboard */ = {
			isa = PBXVariantGroup;
			children = (
				2FABA05E218E1E6F00D13445 /* Base */,
			);
			name = Main.storyboard;
			sourceTree = "<group>";
		};
		2FABA062218E1E7000D13445 /* LaunchScreen.storyboard */ = {
			isa = PBXVariantGroup;
			children = (
				2FABA063218E1E7000D13445 /* Base */,
			);
			name = LaunchScreen.storyboard;
			sourceTree = "<group>";
		};
/* End PBXVariantGroup section */

/* Begin XCBuildConfiguration section */
		2FABA066218E1E7000D13445 /* Debug */ = {
			isa = XCBuildConfiguration;
			buildSettings = {
				ALWAYS_SEARCH_USER_PATHS = NO;
				CLANG_ANALYZER_NONNULL = YES;
				CLANG_ANALYZER_NUMBER_OBJECT_CONVERSION = YES_AGGRESSIVE;
				CLANG_CXX_LANGUAGE_STANDARD = "gnu++14";
				CLANG_CXX_LIBRARY = "libc++";
				CLANG_ENABLE_MODULES = YES;
				CLANG_ENABLE_OBJC_ARC = YES;
				CLANG_ENABLE_OBJC_WEAK = YES;
				CLANG_WARN_BLOCK_CAPTURE_AUTORELEASING = YES;
				CLANG_WARN_BOOL_CONVERSION = YES;
				CLANG_WARN_COMMA = YES;
				CLANG_WARN_CONSTANT_CONVERSION = YES;
				CLANG_WARN_DEPRECATED_OBJC_IMPLEMENTATIONS = YES;
				CLANG_WARN_DIRECT_OBJC_ISA_USAGE = YES_ERROR;
				CLANG_WARN_DOCUMENTATION_COMMENTS = YES;
				CLANG_WARN_EMPTY_BODY = YES;
				CLANG_WARN_ENUM_CONVERSION = YES;
				CLANG_WARN_INFINITE_RECURSION = YES;
				CLANG_WARN_INT_CONVERSION = YES;
				CLANG_WARN_NON_LITERAL_NULL_CONVERSION = YES;
				CLANG_WARN_OBJC_IMPLICIT_RETAIN_SELF = YES;
				CLANG_WARN_OBJC_LITERAL_CONVERSION = YES;
				CLANG_WARN_OBJC_ROOT_CLASS = YES_ERROR;
				CLANG_WARN_RANGE_LOOP_ANALYSIS = YES;
				CLANG_WARN_STRICT_PROTOTYPES = YES;
				CLANG_WARN_SUSPICIOUS_MOVE = YES;
				CLANG_WARN_UNGUARDED_AVAILABILITY = YES_AGGRESSIVE;
				CLANG_WARN_UNREACHABLE_CODE = YES;
				CLANG_WARN__DUPLICATE_METHOD_MATCH = YES;
				CODE_SIGN_IDENTITY = "iPhone Developer";
				COPY_PHASE_STRIP = NO;
				DEBUG_INFORMATION_FORMAT = dwarf;
				ENABLE_STRICT_OBJC_MSGSEND = YES;
				ENABLE_TESTABILITY = YES;
				GCC_C_LANGUAGE_STANDARD = gnu11;
				GCC_DYNAMIC_NO_PIC = NO;
				GCC_NO_COMMON_BLOCKS = YES;
				GCC_OPTIMIZATION_LEVEL = 0;
				GCC_PREPROCESSOR_DEFINITIONS = (
					"DEBUG=1",
					"$(inherited)",
				);
				GCC_WARN_64_TO_32_BIT_CONVERSION = YES;
				GCC_WARN_ABOUT_RETURN_TYPE = YES_ERROR;
				GCC_WARN_UNDECLARED_SELECTOR = YES;
				GCC_WARN_UNINITIALIZED_AUTOS = YES_AGGRESSIVE;
				GCC_WARN_UNUSED_FUNCTION = YES;
				GCC_WARN_UNUSED_VARIABLE = YES;
				IPHONEOS_DEPLOYMENT_TARGET = 12.0;
				MTL_ENABLE_DEBUG_INFO = INCLUDE_SOURCE;
				MTL_FAST_MATH = YES;
				ONLY_ACTIVE_ARCH = YES;
				SDKROOT = iphoneos;
				SWIFT_ACTIVE_COMPILATION_CONDITIONS = DEBUG;
				SWIFT_OPTIMIZATION_LEVEL = "-Onone";
			};
			name = Debug;
		};
		2FABA067218E1E7000D13445 /* Release */ = {
			isa = XCBuildConfiguration;
			buildSettings = {
				ALWAYS_SEARCH_USER_PATHS = NO;
				CLANG_ANALYZER_NONNULL = YES;
				CLANG_ANALYZER_NUMBER_OBJECT_CONVERSION = YES_AGGRESSIVE;
				CLANG_CXX_LANGUAGE_STANDARD = "gnu++14";
				CLANG_CXX_LIBRARY = "libc++";
				CLANG_ENABLE_MODULES = YES;
				CLANG_ENABLE_OBJC_ARC = YES;
				CLANG_ENABLE_OBJC_WEAK = YES;
				CLANG_WARN_BLOCK_CAPTURE_AUTORELEASING = YES;
				CLANG_WARN_BOOL_CONVERSION = YES;
				CLANG_WARN_COMMA = YES;
				CLANG_WARN_CONSTANT_CONVERSION = YES;
				CLANG_WARN_DEPRECATED_OBJC_IMPLEMENTATIONS = YES;
				CLANG_WARN_DIRECT_OBJC_ISA_USAGE = YES_ERROR;
				CLANG_WARN_DOCUMENTATION_COMMENTS = YES;
				CLANG_WARN_EMPTY_BODY = YES;
				CLANG_WARN_ENUM_CONVERSION = YES;
				CLANG_WARN_INFINITE_RECURSION = YES;
				CLANG_WARN_INT_CONVERSION = YES;
				CLANG_WARN_NON_LITERAL_NULL_CONVERSION = YES;
				CLANG_WARN_OBJC_IMPLICIT_RETAIN_SELF = YES;
				CLANG_WARN_OBJC_LITERAL_CONVERSION = YES;
				CLANG_WARN_OBJC_ROOT_CLASS = YES_ERROR;
				CLANG_WARN_RANGE_LOOP_ANALYSIS = YES;
				CLANG_WARN_STRICT_PROTOTYPES = YES;
				CLANG_WARN_SUSPICIOUS_MOVE = YES;
				CLANG_WARN_UNGUARDED_AVAILABILITY = YES_AGGRESSIVE;
				CLANG_WARN_UNREACHABLE_CODE = YES;
				CLANG_WARN__DUPLICATE_METHOD_MATCH = YES;
				CODE_SIGN_IDENTITY = "iPhone Developer";
				COPY_PHASE_STRIP = NO;
				DEBUG_INFORMATION_FORMAT = "dwarf-with-dsym";
				ENABLE_NS_ASSERTIONS = NO;
				ENABLE_STRICT_OBJC_MSGSEND = YES;
				GCC_C_LANGUAGE_STANDARD = gnu11;
				GCC_NO_COMMON_BLOCKS = YES;
				GCC_WARN_64_TO_32_BIT_CONVERSION = YES;
				GCC_WARN_ABOUT_RETURN_TYPE = YES_ERROR;
				GCC_WARN_UNDECLARED_SELECTOR = YES;
				GCC_WARN_UNINITIALIZED_AUTOS = YES_AGGRESSIVE;
				GCC_WARN_UNUSED_FUNCTION = YES;
				GCC_WARN_UNUSED_VARIABLE = YES;
				IPHONEOS_DEPLOYMENT_TARGET = 12.0;
				MTL_ENABLE_DEBUG_INFO = NO;
				MTL_FAST_MATH = YES;
				SDKROOT = iphoneos;
				SWIFT_COMPILATION_MODE = wholemodule;
				SWIFT_OPTIMIZATION_LEVEL = "-O";
				VALIDATE_PRODUCT = YES;
			};
			name = Release;
		};
		2FABA069218E1E7000D13445 /* Debug */ = {
			isa = XCBuildConfiguration;
			baseConfigurationReference = 7B2E0416382BC35E6EC806DB /* Pods-Smack.debug.xcconfig */;
			buildSettings = {
				ASSETCATALOG_COMPILER_APPICON_NAME = AppIcon;
				CLANG_ENABLE_MODULES = YES;
				CODE_SIGN_STYLE = Automatic;
				DEVELOPMENT_TEAM = 26S7LY8D22;
				INFOPLIST_FILE = Smack/Info.plist;
				LD_RUNPATH_SEARCH_PATHS = (
					"$(inherited)",
					"@executable_path/Frameworks",
				);
				PRODUCT_BUNDLE_IDENTIFIER = com.exxeapp.Smack;
				PRODUCT_NAME = "$(TARGET_NAME)";
				SWIFT_OBJC_BRIDGING_HEADER = "Smack/Supporting Files/Smack-Bridging-Header.h";
				SWIFT_OPTIMIZATION_LEVEL = "-Onone";
				SWIFT_VERSION = 4.2;
				TARGETED_DEVICE_FAMILY = "1,2";
			};
			name = Debug;
		};
		2FABA06A218E1E7000D13445 /* Release */ = {
			isa = XCBuildConfiguration;
			baseConfigurationReference = 14EBDA59572C638F9504EFF3 /* Pods-Smack.release.xcconfig */;
			buildSettings = {
				ASSETCATALOG_COMPILER_APPICON_NAME = AppIcon;
				CLANG_ENABLE_MODULES = YES;
				CODE_SIGN_STYLE = Automatic;
				DEVELOPMENT_TEAM = 26S7LY8D22;
				INFOPLIST_FILE = Smack/Info.plist;
				LD_RUNPATH_SEARCH_PATHS = (
					"$(inherited)",
					"@executable_path/Frameworks",
				);
				PRODUCT_BUNDLE_IDENTIFIER = com.exxeapp.Smack;
				PRODUCT_NAME = "$(TARGET_NAME)";
				SWIFT_OBJC_BRIDGING_HEADER = "Smack/Supporting Files/Smack-Bridging-Header.h";
				SWIFT_VERSION = 4.2;
				TARGETED_DEVICE_FAMILY = "1,2";
			};
			name = Release;
		};
/* End XCBuildConfiguration section */

/* Begin XCConfigurationList section */
		2FABA051218E1E6F00D13445 /* Build configuration list for PBXProject "Smack" */ = {
			isa = XCConfigurationList;
			buildConfigurations = (
				2FABA066218E1E7000D13445 /* Debug */,
				2FABA067218E1E7000D13445 /* Release */,
			);
			defaultConfigurationIsVisible = 0;
			defaultConfigurationName = Release;
		};
		2FABA068218E1E7000D13445 /* Build configuration list for PBXNativeTarget "Smack" */ = {
			isa = XCConfigurationList;
			buildConfigurations = (
				2FABA069218E1E7000D13445 /* Debug */,
				2FABA06A218E1E7000D13445 /* Release */,
			);
			defaultConfigurationIsVisible = 0;
			defaultConfigurationName = Release;
		};
/* End XCConfigurationList section */
	};
	rootObject = 2FABA04E218E1E6F00D13445 /* Project object */;
}
